
Microsoft Visual Studio Solution File, Format Version 12.00
# Visual Studio Version 17
VisualStudioVersion = 17.4.33205.214
MinimumVisualStudioVersion = 10.0.40219.1
Project("{FAE04EC0-301F-11D3-BF4B-00C04F79EFBC}") = "Hunting the Manticore", "Hunting the Manticore.csproj", "{B08F8B9B-3040-436E-931F-533C4B64C9FD}"
EndProject
Global
	GlobalSection(SolutionConfigurationPlatforms) = preSolution
		Debug|Any CPU = Debug|Any CPU
		Release|Any CPU = Release|Any CPU
	EndGlobalSection
	GlobalSection(ProjectConfigurationPlatforms) = postSolution
		{B08F8B9B-3040-436E-931F-533C4B64C9FD}.Debug|Any CPU.ActiveCfg = Debug|Any CPU
		{B08F8B9B-3040-436E-931F-533C4B64C9FD}.Debug|Any CPU.Build.0 = Debug|Any CPU
		{B08F8B9B-3040-436E-931F-533C4B64C9FD}.Release|Any CPU.ActiveCfg = Release|Any CPU
		{B08F8B9B-3040-436E-931F-533C4B64C9FD}.Release|Any CPU.Build.0 = Release|Any CPU
	EndGlobalSection
	GlobalSection(SolutionProperties) = preSolution
		HideSolutionNode = FALSE
	EndGlobalSection
	GlobalSection(ExtensibilityGlobals) = postSolution
		SolutionGuid = {645051ED-1169-4DAB-B5C4-DCC605A42A8B}
	EndGlobalSection
EndGlobal
